
Microsoft Visual Studio Solution File, Format Version 12.00
# Visual Studio Version 16
VisualStudioVersion = 16.0.32228.343
MinimumVisualStudioVersion = 10.0.40219.1
Project("{FAE04EC0-301F-11D3-BF4B-00C04F79EFBC}") = "PrilozhiiayApp", "PrilozhiiayApp\PrilozhiiayApp.csproj", "{DAD87913-CA4A-460B-9EB0-6D3F7275B627}"
EndProject
Global
	GlobalSection(SolutionConfigurationPlatforms) = preSolution
		Debug|Any CPU = Debug|Any CPU
		Release|Any CPU = Release|Any CPU
	EndGlobalSection
	GlobalSection(ProjectConfigurationPlatforms) = postSolution
		{DAD87913-CA4A-460B-9EB0-6D3F7275B627}.Debug|Any CPU.ActiveCfg = Debug|Any CPU
		{DAD87913-CA4A-460B-9EB0-6D3F7275B627}.Debug|Any CPU.Build.0 = Debug|Any CPU
		{DAD87913-CA4A-460B-9EB0-6D3F7275B627}.Release|Any CPU.ActiveCfg = Release|Any CPU
		{DAD87913-CA4A-460B-9EB0-6D3F7275B627}.Release|Any CPU.Build.0 = Release|Any CPU
	EndGlobalSection
	GlobalSection(SolutionProperties) = preSolution
		HideSolutionNode = FALSE
	EndGlobalSection
	GlobalSection(ExtensibilityGlobals) = postSolution
		SolutionGuid = {5408CC5C-316E-4397-BADA-CC2054DB2C6A}
	EndGlobalSection
EndGlobal
